Microsoft Visual Studio Solution File, Format Version 12.00
# Visual Studio Version 17
VisualStudioVersion = 17.5.2.0
MinimumVisualStudioVersion = 10.0.40219.1
Project("{FAE04EC0-301F-11D3-BF4B-00C04F79EFBC}") = "ApiTester", "ApiTester\ApiTester.csproj", "{7938F43A-8461-823A-9986-FA7238A15314}"
EndProject
Project("{FAE04EC0-301F-11D3-BF4B-00C04F79EFBC}") = "FilesAndDirectories", "FilesAndDirectories\FilesAndDirectories.csproj", "{92A6A992-2E1E-72E1-0152-CED7C02EDCB2}"
EndProject
Project("{FAE04EC0-301F-11D3-BF4B-00C04F79EFBC}") = "PizzaStore", "PizzaStore\PizzaStore.csproj", "{95D2EE5A-5FFF-28A9-305E-A61CE10909EF}"
EndProject
Global
	GlobalSection(SolutionConfigurationPlatforms) = preSolution
		Debug|Any CPU = Debug|Any CPU
		Release|Any CPU = Release|Any CPU
	EndGlobalSection
	GlobalSection(ProjectConfigurationPlatforms) = postSolution
		{7938F43A-8461-823A-9986-FA7238A15314}.Debug|Any CPU.ActiveCfg = Debug|Any CPU
		{7938F43A-8461-823A-9986-FA7238A15314}.Debug|Any CPU.Build.0 = Debug|Any CPU
		{7938F43A-8461-823A-9986-FA7238A15314}.Release|Any CPU.ActiveCfg = Release|Any CPU
		{7938F43A-8461-823A-9986-FA7238A15314}.Release|Any CPU.Build.0 = Release|Any CPU
		{92A6A992-2E1E-72E1-0152-CED7C02EDCB2}.Debug|Any CPU.ActiveCfg = Debug|Any CPU
		{92A6A992-2E1E-72E1-0152-CED7C02EDCB2}.Debug|Any CPU.Build.0 = Debug|Any CPU
		{92A6A992-2E1E-72E1-0152-CED7C02EDCB2}.Release|Any CPU.ActiveCfg = Release|Any CPU
		{92A6A992-2E1E-72E1-0152-CED7C02EDCB2}.Release|Any CPU.Build.0 = Release|Any CPU
		{95D2EE5A-5FFF-28A9-305E-A61CE10909EF}.Debug|Any CPU.ActiveCfg = Debug|Any CPU
		{95D2EE5A-5FFF-28A9-305E-A61CE10909EF}.Debug|Any CPU.Build.0 = Debug|Any CPU
		{95D2EE5A-5FFF-28A9-305E-A61CE10909EF}.Release|Any CPU.ActiveCfg = Release|Any CPU
		{95D2EE5A-5FFF-28A9-305E-A61CE10909EF}.Release|Any CPU.Build.0 = Release|Any CPU
	EndGlobalSection
	GlobalSection(SolutionProperties) = preSolution
		HideSolutionNode = FALSE
	EndGlobalSection
	GlobalSection(ExtensibilityGlobals) = postSolution
		SolutionGuid = {B1E9F831-B6CC-46A6-B233-EEDADFD7C2DB}
	EndGlobalSection
EndGlobal
